
Microsoft Visual Studio Solution File, Format Version 12.00
# Visual Studio Version 16
VisualStudioVersion = 16.0.30320.27
MinimumVisualStudioVersion = 10.0.40219.1
Project("{FAE04EC0-301F-11D3-BF4B-00C04F79EFBC}") = "TicketProject", "TicketProject\TicketProject.csproj", "{1C01830F-3D50-40D6-8945-F769E244BF28}"
EndProject
Global
	GlobalSection(SolutionConfigurationPlatforms) = preSolution
		Debug|Any CPU = Debug|Any CPU
		Release|Any CPU = Release|Any CPU
	EndGlobalSection
	GlobalSection(ProjectConfigurationPlatforms) = postSolution
		{1C01830F-3D50-40D6-8945-F769E244BF28}.Debug|Any CPU.ActiveCfg = Debug|Any CPU
		{1C01830F-3D50-40D6-8945-F769E244BF28}.Debug|Any CPU.Build.0 = Debug|Any CPU
		{1C01830F-3D50-40D6-8945-F769E244BF28}.Release|Any CPU.ActiveCfg = Release|Any CPU
		{1C01830F-3D50-40D6-8945-F769E244BF28}.Release|Any CPU.Build.0 = Release|Any CPU
	EndGlobalSection
	GlobalSection(SolutionProperties) = preSolution
		HideSolutionNode = FALSE
	EndGlobalSection
	GlobalSection(ExtensibilityGlobals) = postSolution
		SolutionGuid = {88FD3007-79FC-4044-9BCF-6F79D43DC786}
	EndGlobalSection
EndGlobal
